
Microsoft Visual Studio Solution File, Format Version 12.00
# Visual Studio Version 16
VisualStudioVersion = 25.0.1706.9
MinimumVisualStudioVersion = 10.0.40219.1
Project("{FAE04EC0-301F-11D3-BF4B-00C04F79EFBC}") = "Interfaces", "DashBoard-ND_API\Interfaces.csproj", "{811527B7-5699-439E-9DB6-6E8A7FECD3C8}"
EndProject
Project("{FAE04EC0-301F-11D3-BF4B-00C04F79EFBC}") = "Domain", "Domain\Domain.csproj", "{91AF777E-FA88-4C69-AB8F-6E1D6C97720E}"
EndProject
Project("{FAE04EC0-301F-11D3-BF4B-00C04F79EFBC}") = "Application", "Applicaion\Application.csproj", "{AADDDC6E-DF5D-4493-A625-C46CE3D32B99}"
EndProject
Project("{FAE04EC0-301F-11D3-BF4B-00C04F79EFBC}") = "Infrastructure", "Infrastructure\Infrastructure.csproj", "{8B389897-D400-4AAF-AFB4-6CB713B9FC6D}"
EndProject
Project("{FAE04EC0-301F-11D3-BF4B-00C04F79EFBC}") = "Tests", "UnitTests\Tests.csproj", "{C100D42F-7DC7-4D27-92CC-33422DBF974F}"
EndProject
Global
	GlobalSection(SolutionConfigurationPlatforms) = preSolution
		Debug|Any CPU = Debug|Any CPU
		Release|Any CPU = Release|Any CPU
	EndGlobalSection
	GlobalSection(ProjectConfigurationPlatforms) = postSolution
		{811527B7-5699-439E-9DB6-6E8A7FECD3C8}.Debug|Any CPU.ActiveCfg = Debug|Any CPU
		{811527B7-5699-439E-9DB6-6E8A7FECD3C8}.Debug|Any CPU.Build.0 = Debug|Any CPU
		{811527B7-5699-439E-9DB6-6E8A7FECD3C8}.Release|Any CPU.ActiveCfg = Release|Any CPU
		{811527B7-5699-439E-9DB6-6E8A7FECD3C8}.Release|Any CPU.Build.0 = Release|Any CPU
		{91AF777E-FA88-4C69-AB8F-6E1D6C97720E}.Debug|Any CPU.ActiveCfg = Debug|Any CPU
		{91AF777E-FA88-4C69-AB8F-6E1D6C97720E}.Debug|Any CPU.Build.0 = Debug|Any CPU
		{91AF777E-FA88-4C69-AB8F-6E1D6C97720E}.Release|Any CPU.ActiveCfg = Release|Any CPU
		{91AF777E-FA88-4C69-AB8F-6E1D6C97720E}.Release|Any CPU.Build.0 = Release|Any CPU
		{AADDDC6E-DF5D-4493-A625-C46CE3D32B99}.Debug|Any CPU.ActiveCfg = Debug|Any CPU
		{AADDDC6E-DF5D-4493-A625-C46CE3D32B99}.Debug|Any CPU.Build.0 = Debug|Any CPU
		{AADDDC6E-DF5D-4493-A625-C46CE3D32B99}.Release|Any CPU.ActiveCfg = Release|Any CPU
		{AADDDC6E-DF5D-4493-A625-C46CE3D32B99}.Release|Any CPU.Build.0 = Release|Any CPU
		{8B389897-D400-4AAF-AFB4-6CB713B9FC6D}.Debug|Any CPU.ActiveCfg = Debug|Any CPU
		{8B389897-D400-4AAF-AFB4-6CB713B9FC6D}.Debug|Any CPU.Build.0 = Debug|Any CPU
		{8B389897-D400-4AAF-AFB4-6CB713B9FC6D}.Release|Any CPU.ActiveCfg = Release|Any CPU
		{8B389897-D400-4AAF-AFB4-6CB713B9FC6D}.Release|Any CPU.Build.0 = Release|Any CPU
		{C100D42F-7DC7-4D27-92CC-33422DBF974F}.Debug|Any CPU.ActiveCfg = Debug|Any CPU
		{C100D42F-7DC7-4D27-92CC-33422DBF974F}.Debug|Any CPU.Build.0 = Debug|Any CPU
		{C100D42F-7DC7-4D27-92CC-33422DBF974F}.Release|Any CPU.ActiveCfg = Release|Any CPU
		{C100D42F-7DC7-4D27-92CC-33422DBF974F}.Release|Any CPU.Build.0 = Release|Any CPU
	EndGlobalSection
	GlobalSection(SolutionProperties) = preSolution
		HideSolutionNode = FALSE
	EndGlobalSection
	GlobalSection(ExtensibilityGlobals) = postSolution
		SolutionGuid = {F179525A-5F47-451C-A6C8-99AD3BAAA476}
	EndGlobalSection
EndGlobal
